
Microsoft Visual Studio Solution File, Format Version 12.00
Project("{FAE04EC0-301F-11D3-BF4B-00C04F79EFBC}") = "Pacman", "Pacman\Pacman.csproj", "{C00661BD-DFA7-4883-8154-F1AB8B21B214}"
EndProject
Global
	GlobalSection(SolutionConfigurationPlatforms) = preSolution
		Debug|Any CPU = Debug|Any CPU
		Release|Any CPU = Release|Any CPU
	EndGlobalSection
	GlobalSection(ProjectConfigurationPlatforms) = postSolution
		{C00661BD-DFA7-4883-8154-F1AB8B21B214}.Debug|Any CPU.ActiveCfg = Debug|Any CPU
		{C00661BD-DFA7-4883-8154-F1AB8B21B214}.Debug|Any CPU.Build.0 = Debug|Any CPU
		{C00661BD-DFA7-4883-8154-F1AB8B21B214}.Release|Any CPU.ActiveCfg = Release|Any CPU
		{C00661BD-DFA7-4883-8154-F1AB8B21B214}.Release|Any CPU.Build.0 = Release|Any CPU
	EndGlobalSection
EndGlobal
